# This file is autogenerated, do not edit; changes may be undone by the next 'dep ensure'.


[[projects]]
  name = "github.com/PuerkitoBio/purell"
  packages = ["."]
  revision = "0bcb03f4b4d0a9428594752bd2a3b9aa0a9d4bd4"
  version = "v1.1.0"

[[projects]]
  branch = "master"
  name = "github.com/PuerkitoBio/urlesc"
  packages = ["."]
  revision = "de5bf2ad457846296e2031421a34e2568e304e35"

[[projects]]
  name = "github.com/asaskevich/govalidator"
  packages = ["."]
  revision = "ccb8e960c48f04d6935e72476ae4a51028f9e22f"
  version = "v9"

[[projects]]
  name = "github.com/davecgh/go-spew"
  packages = ["spew"]
  revision = "8991bc29aa16c548c550c7ff78260e27b9ab7c73"
  version = "v1.1.1"

[[projects]]
  name = "github.com/go-openapi/analysis"
  packages = [
    ".",
    "internal"
  ]
  revision = "7c1bef8f6d9fa6148ce0d8a0ebf5339a084a6639"
  version = "0.16.0"

[[projects]]
  name = "github.com/go-openapi/errors"
  packages = ["."]
  revision = "b2b2befaf267d082d779bcef52d682a47c779517"
  version = "0.16.0"

[[projects]]
  name = "github.com/go-openapi/jsonpointer"
  packages = ["."]
  revision = "3a0015ad55fa9873f41605d3e8f28cd279c32ab2"
  version = "0.16.0"

[[projects]]
  name = "github.com/go-openapi/jsonreference"
  packages = ["."]
  revision = "3fb327e6747da3043567ee86abd02bb6376b6be2"
  version = "0.16.0"

[[projects]]
  name = "github.com/go-openapi/loads"
  packages = ["."]
  revision = "2a2b323bab96e6b1fdee110e57d959322446e9c9"
  version = "0.16.0"

[[projects]]
  name = "github.com/go-openapi/runtime"
  packages = [
    ".",
    "middleware/denco"
  ]
  revision = "9a3091f566c0811ef4d54b535179bc0fc484a11f"
  version = "0.16.0"

[[projects]]
  name = "github.com/go-openapi/spec"
  packages = ["."]
  revision = "384415f06ee238aae1df5caad877de6ceac3a5c4"
  version = "0.16.0"

[[projects]]
  name = "github.com/go-openapi/strfmt"
  packages = ["."]
  revision = "913ee058e387ac83a67e2d9f13acecdcd5769fc6"
  version = "0.16.0"

[[projects]]
  name = "github.com/go-openapi/swag"
  packages = ["."]
  revision = "becd2f08beafcca035645a8a101e0e3e18140458"
  version = "0.16.0"

[[projects]]
  name = "github.com/go-openapi/validate"
  packages = ["."]
  revision = "7c1911976134d3a24d0c03127505163c9f16aa3b"
  version = "0.16.0"

[[projects]]
  branch = "master"
  name = "github.com/mailru/easyjson"
  packages = [
    "buffer",
    "jlexer",
    "jwriter"
  ]
  revision = "60711f1a8329503b04e1c88535f419d0bb440bff"

[[projects]]
  name = "github.com/mitchellh/mapstructure"
  packages = ["."]
  revision = "4632c4f49fb352596def0d4005bcbe7f38fe9008"
  version = "v1.1.0"

[[projects]]
  name = "github.com/pmezard/go-difflib"
  packages = ["difflib"]
  revision = "792786c7400a136282c1664665ae0a8db921c6c2"
  version = "v1.0.0"

[[projects]]
  name = "github.com/stretchr/objx"
  packages = ["."]
  revision = "477a77ecc69700c7cdeb1fa9e129548e1c1c393c"
  version = "v0.1.1"

[[projects]]
  name = "github.com/stretchr/testify"
  packages = [
    "assert",
    "mock",
    "require"
  ]
  revision = "f35b8ab0b5a2cef36673838d662e249dd9c94686"
  version = "v1.2.2"

[[projects]]
  branch = "master"
  name = "golang.org/x/net"
  packages = [
    "context",
    "idna"
  ]
  revision = "4dfa2610cdf3b287375bbba5b8f2a14d3b01d8de"

[[projects]]
  name = "golang.org/x/text"
  packages = [
    "collate",
    "collate/build",
    "internal/colltab",
    "internal/gen",
    "internal/tag",
    "internal/triegen",
    "internal/ucd",
    "language",
    "secure/bidirule",
    "transform",
    "unicode/bidi",
    "unicode/cldr",
    "unicode/norm",
    "unicode/rangetable",
    "width"
  ]
  revision = "f21a4dfb5e38f5895301dc265a8def02365cc3d0"
  version = "v0.3.0"

[[projects]]
  branch = "v2"
  name = "gopkg.in/mgo.v2"
  packages = [
    "bson",
    "internal/json"
  ]
  revision = "9856a29383ce1c59f308dd1cf0363a79b5bef6b5"

[[projects]]
  name = "gopkg.in/yaml.v2"
  packages = ["."]
  revision = "5420a8b6744d3b0345ab293f6fcba19c978f1183"
  version = "v2.2.1"

[solve-meta]
  analyzer-name = "dep"
  analyzer-version = 1
  inputs-digest = "cc7a5ca83a7b51604ae28a72de88d63a01c94ef7dd12a83965a9c7d6e3e6a181"
  solver-name = "gps-cdcl"
  solver-version = 1
